
Microsoft Visual Studio Solution File, Format Version 12.00
# Visual Studio Version 17
VisualStudioVersion = 17.0.32014.148
MinimumVisualStudioVersion = 10.0.40219.1
Project("{F184B08F-C81C-45F6-A57F-5ABD9991F28F}") = "CamLab-Iterative-Optimisation", "CamLab-Iterative-Optimisation.vbproj", "{9FAFA3C8-483C-4763-B57D-BD7FC6F0B948}"
EndProject
Global
	GlobalSection(SolutionConfigurationPlatforms) = preSolution
		Debug|Any CPU = Debug|Any CPU
		Release|Any CPU = Release|Any CPU
	EndGlobalSection
	GlobalSection(ProjectConfigurationPlatforms) = postSolution
		{9FAFA3C8-483C-4763-B57D-BD7FC6F0B948}.Debug|Any CPU.ActiveCfg = Debug|Any CPU
		{9FAFA3C8-483C-4763-B57D-BD7FC6F0B948}.Debug|Any CPU.Build.0 = Debug|Any CPU
		{9FAFA3C8-483C-4763-B57D-BD7FC6F0B948}.Release|Any CPU.ActiveCfg = Release|Any CPU
		{9FAFA3C8-483C-4763-B57D-BD7FC6F0B948}.Release|Any CPU.Build.0 = Release|Any CPU
	EndGlobalSection
	GlobalSection(SolutionProperties) = preSolution
		HideSolutionNode = FALSE
	EndGlobalSection
	GlobalSection(ExtensibilityGlobals) = postSolution
		SolutionGuid = {881C58CC-977E-42DF-A1D0-111C305EF982}
	EndGlobalSection
EndGlobal
